
Microsoft Visual Studio Solution File, Format Version 12.00
# Visual Studio Version 17
VisualStudioVersion = 17.8.34511.84
MinimumVisualStudioVersion = 10.0.40219.1
Project("{FAE04EC0-301F-11D3-BF4B-00C04F79EFBC}") = "Phoneword", "Phoneword.csproj", "{0D26E0ED-C3EE-4B58-A8AE-FE39B81AB774}"
EndProject
Global
	GlobalSection(SolutionConfigurationPlatforms) = preSolution
		Debug|Any CPU = Debug|Any CPU
		Release|Any CPU = Release|Any CPU
	EndGlobalSection
	GlobalSection(ProjectConfigurationPlatforms) = postSolution
		{0D26E0ED-C3EE-4B58-A8AE-FE39B81AB774}.Debug|Any CPU.ActiveCfg = Debug|Any CPU
		{0D26E0ED-C3EE-4B58-A8AE-FE39B81AB774}.Debug|Any CPU.Build.0 = Debug|Any CPU
		{0D26E0ED-C3EE-4B58-A8AE-FE39B81AB774}.Debug|Any CPU.Deploy.0 = Debug|Any CPU
		{0D26E0ED-C3EE-4B58-A8AE-FE39B81AB774}.Release|Any CPU.ActiveCfg = Release|Any CPU
		{0D26E0ED-C3EE-4B58-A8AE-FE39B81AB774}.Release|Any CPU.Build.0 = Release|Any CPU
		{0D26E0ED-C3EE-4B58-A8AE-FE39B81AB774}.Release|Any CPU.Deploy.0 = Release|Any CPU
	EndGlobalSection
	GlobalSection(SolutionProperties) = preSolution
		HideSolutionNode = FALSE
	EndGlobalSection
	GlobalSection(ExtensibilityGlobals) = postSolution
		SolutionGuid = {7B209A50-6FA0-40AE-8314-AB5AD0BCAD84}
	EndGlobalSection
EndGlobal
